
Microsoft Visual Studio Solution File, Format Version 12.00
# Visual Studio Version 17
VisualStudioVersion = 17.5.33627.172
MinimumVisualStudioVersion = 10.0.40219.1
Project("{FAE04EC0-301F-11D3-BF4B-00C04F79EFBC}") = "Practical9", "Practical9\Practical9.csproj", "{E1CF1341-08C4-4326-AE09-2C30A15E4247}"
EndProject
Project("{FAE04EC0-301F-11D3-BF4B-00C04F79EFBC}") = "UnitTestPractical9", "UnitTestPractical9\UnitTestPractical9.csproj", "{0C15D716-0D85-4505-B8B6-4B4DDC026778}"
EndProject
Global
	GlobalSection(SolutionConfigurationPlatforms) = preSolution
		Debug|Any CPU = Debug|Any CPU
		Release|Any CPU = Release|Any CPU
	EndGlobalSection
	GlobalSection(ProjectConfigurationPlatforms) = postSolution
		{E1CF1341-08C4-4326-AE09-2C30A15E4247}.Debug|Any CPU.ActiveCfg = Debug|Any CPU
		{E1CF1341-08C4-4326-AE09-2C30A15E4247}.Debug|Any CPU.Build.0 = Debug|Any CPU
		{E1CF1341-08C4-4326-AE09-2C30A15E4247}.Release|Any CPU.ActiveCfg = Release|Any CPU
		{E1CF1341-08C4-4326-AE09-2C30A15E4247}.Release|Any CPU.Build.0 = Release|Any CPU
		{0C15D716-0D85-4505-B8B6-4B4DDC026778}.Debug|Any CPU.ActiveCfg = Debug|Any CPU
		{0C15D716-0D85-4505-B8B6-4B4DDC026778}.Debug|Any CPU.Build.0 = Debug|Any CPU
		{0C15D716-0D85-4505-B8B6-4B4DDC026778}.Release|Any CPU.ActiveCfg = Release|Any CPU
		{0C15D716-0D85-4505-B8B6-4B4DDC026778}.Release|Any CPU.Build.0 = Release|Any CPU
	EndGlobalSection
	GlobalSection(SolutionProperties) = preSolution
		HideSolutionNode = FALSE
	EndGlobalSection
	GlobalSection(ExtensibilityGlobals) = postSolution
		SolutionGuid = {DBC3EEBD-A10E-4FD2-9917-C938F3370411}
	EndGlobalSection
EndGlobal
