
Microsoft Visual Studio Solution File, Format Version 12.00
# Visual Studio Version 17
VisualStudioVersion = 17.4.33403.182
MinimumVisualStudioVersion = 10.0.40219.1
Project("{FAE04EC0-301F-11D3-BF4B-00C04F79EFBC}") = "Practical-11", "Practical-11\Practical-11.csproj", "{1BF33C63-DAF4-4E52-9B82-6D9ACF21D18C}"
EndProject
Global
	GlobalSection(SolutionConfigurationPlatforms) = preSolution
		Debug|Any CPU = Debug|Any CPU
		Release|Any CPU = Release|Any CPU
	EndGlobalSection
	GlobalSection(ProjectConfigurationPlatforms) = postSolution
		{1BF33C63-DAF4-4E52-9B82-6D9ACF21D18C}.Debug|Any CPU.ActiveCfg = Debug|Any CPU
		{1BF33C63-DAF4-4E52-9B82-6D9ACF21D18C}.Debug|Any CPU.Build.0 = Debug|Any CPU
		{1BF33C63-DAF4-4E52-9B82-6D9ACF21D18C}.Release|Any CPU.ActiveCfg = Release|Any CPU
		{1BF33C63-DAF4-4E52-9B82-6D9ACF21D18C}.Release|Any CPU.Build.0 = Release|Any CPU
	EndGlobalSection
	GlobalSection(SolutionProperties) = preSolution
		HideSolutionNode = FALSE
	EndGlobalSection
	GlobalSection(ExtensibilityGlobals) = postSolution
		SolutionGuid = {1E361C7D-DA6F-4DE6-BA98-54C76EBC6EA0}
	EndGlobalSection
EndGlobal
